{
  "name": "fourd.cpp.js",
  "version": "1.0.0",
  "lockfileVersion": 1,
  "requires": true,
  "dependencies": {
    "jquery-ui": {
      "version": "1.12.1",
      "resolved": "https://registry.npmjs.org/jquery-ui/-/jquery-ui-1.12.1.tgz",
      "integrity": "sha1-vLQEXI3QU5wTS8FIjN0+dop6nlE="
    },
    "three": {
      "version": "0.105.2",
      "resolved": "https://registry.npmjs.org/three/-/three-0.105.2.tgz",
      "integrity": "sha512-L3Al37k4g3hVbgFFS251UVtIc25chhyN0/RvXzR0C+uIBToV6EKDG+MZzEXm9L2miGUVMK27W46/VkP6WUZXMg=="
    },
    "three-orbitcontrols": {
      "version": "2.102.1",
      "resolved": "https://registry.npmjs.org/three-orbitcontrols/-/three-orbitcontrols-2.102.1.tgz",
      "integrity": "sha512-mp5qc5mooCtjgSloMFzIEI2VQVkvBDWDMYtbxY3TFB/BCCYpR6NV7/dD5+EUyzR90/a9H356s9QR+2PhH48f6w=="
    }
  }
}
